
Microsoft Visual Studio Solution File, Format Version 12.00
# Visual Studio Version 17
VisualStudioVersion = 17.4.33103.184
MinimumVisualStudioVersion = 10.0.40219.1
Project("{FAE04EC0-301F-11D3-BF4B-00C04F79EFBC}") = "Работа с датами. Calendar и DatePicker", "Работа с датами. Calendar и DatePicker.csproj", "{785128FB-FD58-4F99-9525-F22735D64778}"
EndProject
Global
	GlobalSection(SolutionConfigurationPlatforms) = preSolution
		Debug|Any CPU = Debug|Any CPU
		Release|Any CPU = Release|Any CPU
	EndGlobalSection
	GlobalSection(ProjectConfigurationPlatforms) = postSolution
		{785128FB-FD58-4F99-9525-F22735D64778}.Debug|Any CPU.ActiveCfg = Debug|Any CPU
		{785128FB-FD58-4F99-9525-F22735D64778}.Debug|Any CPU.Build.0 = Debug|Any CPU
		{785128FB-FD58-4F99-9525-F22735D64778}.Release|Any CPU.ActiveCfg = Release|Any CPU
		{785128FB-FD58-4F99-9525-F22735D64778}.Release|Any CPU.Build.0 = Release|Any CPU
	EndGlobalSection
	GlobalSection(SolutionProperties) = preSolution
		HideSolutionNode = FALSE
	EndGlobalSection
	GlobalSection(ExtensibilityGlobals) = postSolution
		SolutionGuid = {19B01820-F8E0-49D9-8851-58F5FCDE419B}
	EndGlobalSection
EndGlobal
