
Microsoft Visual Studio Solution File, Format Version 12.00
# Visual Studio Version 17
VisualStudioVersion = 17.4.33213.308
MinimumVisualStudioVersion = 10.0.40219.1
Project("{FAE04EC0-301F-11D3-BF4B-00C04F79EFBC}") = "CommandsApp", "CommandsApp.csproj", "{E6B66255-89CD-4446-973D-498D560611DC}"
EndProject
Global
	GlobalSection(SolutionConfigurationPlatforms) = preSolution
		Debug|Any CPU = Debug|Any CPU
		Release|Any CPU = Release|Any CPU
	EndGlobalSection
	GlobalSection(ProjectConfigurationPlatforms) = postSolution
		{E6B66255-89CD-4446-973D-498D560611DC}.Debug|Any CPU.ActiveCfg = Debug|Any CPU
		{E6B66255-89CD-4446-973D-498D560611DC}.Debug|Any CPU.Build.0 = Debug|Any CPU
		{E6B66255-89CD-4446-973D-498D560611DC}.Release|Any CPU.ActiveCfg = Release|Any CPU
		{E6B66255-89CD-4446-973D-498D560611DC}.Release|Any CPU.Build.0 = Release|Any CPU
	EndGlobalSection
	GlobalSection(SolutionProperties) = preSolution
		HideSolutionNode = FALSE
	EndGlobalSection
	GlobalSection(ExtensibilityGlobals) = postSolution
		SolutionGuid = {5B49927E-57A1-4EAF-A560-6223C641E457}
	EndGlobalSection
EndGlobal
