
Microsoft Visual Studio Solution File, Format Version 12.00
# Visual Studio Version 17
VisualStudioVersion = 17.4.33213.308
MinimumVisualStudioVersion = 10.0.40219.1
Project("{FAE04EC0-301F-11D3-BF4B-00C04F79EFBC}") = "GroupBox и Expander", "GroupBox и Expander.csproj", "{31DAEA31-F986-4ED8-B365-778096E2D3D8}"
EndProject
Global
	GlobalSection(SolutionConfigurationPlatforms) = preSolution
		Debug|Any CPU = Debug|Any CPU
		Release|Any CPU = Release|Any CPU
	EndGlobalSection
	GlobalSection(ProjectConfigurationPlatforms) = postSolution
		{31DAEA31-F986-4ED8-B365-778096E2D3D8}.Debug|Any CPU.ActiveCfg = Debug|Any CPU
		{31DAEA31-F986-4ED8-B365-778096E2D3D8}.Debug|Any CPU.Build.0 = Debug|Any CPU
		{31DAEA31-F986-4ED8-B365-778096E2D3D8}.Release|Any CPU.ActiveCfg = Release|Any CPU
		{31DAEA31-F986-4ED8-B365-778096E2D3D8}.Release|Any CPU.Build.0 = Release|Any CPU
	EndGlobalSection
	GlobalSection(SolutionProperties) = preSolution
		HideSolutionNode = FALSE
	EndGlobalSection
	GlobalSection(ExtensibilityGlobals) = postSolution
		SolutionGuid = {7B7991B0-6170-4687-8D0B-5F991C7D97E7}
	EndGlobalSection
EndGlobal
