
Microsoft Visual Studio Solution File, Format Version 12.00
# Visual Studio Version 17
VisualStudioVersion = 17.4.33213.308
MinimumVisualStudioVersion = 10.0.40219.1
Project("{FAE04EC0-301F-11D3-BF4B-00C04F79EFBC}") = "ToolTip", "ToolTip.csproj", "{524806AC-2164-4DC6-A48D-EACE16DE9FE8}"
EndProject
Global
	GlobalSection(SolutionConfigurationPlatforms) = preSolution
		Debug|Any CPU = Debug|Any CPU
		Release|Any CPU = Release|Any CPU
	EndGlobalSection
	GlobalSection(ProjectConfigurationPlatforms) = postSolution
		{524806AC-2164-4DC6-A48D-EACE16DE9FE8}.Debug|Any CPU.ActiveCfg = Debug|Any CPU
		{524806AC-2164-4DC6-A48D-EACE16DE9FE8}.Debug|Any CPU.Build.0 = Debug|Any CPU
		{524806AC-2164-4DC6-A48D-EACE16DE9FE8}.Release|Any CPU.ActiveCfg = Release|Any CPU
		{524806AC-2164-4DC6-A48D-EACE16DE9FE8}.Release|Any CPU.Build.0 = Release|Any CPU
	EndGlobalSection
	GlobalSection(SolutionProperties) = preSolution
		HideSolutionNode = FALSE
	EndGlobalSection
	GlobalSection(ExtensibilityGlobals) = postSolution
		SolutionGuid = {E3BFC892-795F-42F9-9CF8-BD1FFDB2B45B}
	EndGlobalSection
EndGlobal
